
Microsoft Visual Studio Solution File, Format Version 12.00
# Visual Studio Version 16
VisualStudioVersion = 16.0.31205.134
MinimumVisualStudioVersion = 10.0.40219.1
Project("{FAE04EC0-301F-11D3-BF4B-00C04F79EFBC}") = "MvcProjeKampi", "MvcProjeKampi\MvcProjeKampi.csproj", "{E1BE9368-4334-4C5A-AB99-B2D9EBB1E4BE}"
EndProject
Project("{FAE04EC0-301F-11D3-BF4B-00C04F79EFBC}") = "Entities", "Entities\Entities.csproj", "{99227C5E-AC9C-493E-ABBB-5E6AC4411C87}"
EndProject
Project("{FAE04EC0-301F-11D3-BF4B-00C04F79EFBC}") = "DataAccess", "DataAccess\DataAccess.csproj", "{41932C58-E557-4CFB-84B0-F00D48368F22}"
EndProject
Project("{FAE04EC0-301F-11D3-BF4B-00C04F79EFBC}") = "Business", "Business\Business.csproj", "{F03A8A46-C4C7-486D-A472-5AADBF3CC6A1}"
EndProject
Global
	GlobalSection(SolutionConfigurationPlatforms) = preSolution
		Debug|Any CPU = Debug|Any CPU
		Release|Any CPU = Release|Any CPU
	EndGlobalSection
	GlobalSection(ProjectConfigurationPlatforms) = postSolution
		{E1BE9368-4334-4C5A-AB99-B2D9EBB1E4BE}.Debug|Any CPU.ActiveCfg = Debug|Any CPU
		{E1BE9368-4334-4C5A-AB99-B2D9EBB1E4BE}.Debug|Any CPU.Build.0 = Debug|Any CPU
		{E1BE9368-4334-4C5A-AB99-B2D9EBB1E4BE}.Release|Any CPU.ActiveCfg = Release|Any CPU
		{E1BE9368-4334-4C5A-AB99-B2D9EBB1E4BE}.Release|Any CPU.Build.0 = Release|Any CPU
		{99227C5E-AC9C-493E-ABBB-5E6AC4411C87}.Debug|Any CPU.ActiveCfg = Debug|Any CPU
		{99227C5E-AC9C-493E-ABBB-5E6AC4411C87}.Debug|Any CPU.Build.0 = Debug|Any CPU
		{99227C5E-AC9C-493E-ABBB-5E6AC4411C87}.Release|Any CPU.ActiveCfg = Release|Any CPU
		{99227C5E-AC9C-493E-ABBB-5E6AC4411C87}.Release|Any CPU.Build.0 = Release|Any CPU
		{41932C58-E557-4CFB-84B0-F00D48368F22}.Debug|Any CPU.ActiveCfg = Debug|Any CPU
		{41932C58-E557-4CFB-84B0-F00D48368F22}.Debug|Any CPU.Build.0 = Debug|Any CPU
		{41932C58-E557-4CFB-84B0-F00D48368F22}.Release|Any CPU.ActiveCfg = Release|Any CPU
		{41932C58-E557-4CFB-84B0-F00D48368F22}.Release|Any CPU.Build.0 = Release|Any CPU
		{F03A8A46-C4C7-486D-A472-5AADBF3CC6A1}.Debug|Any CPU.ActiveCfg = Debug|Any CPU
		{F03A8A46-C4C7-486D-A472-5AADBF3CC6A1}.Debug|Any CPU.Build.0 = Debug|Any CPU
		{F03A8A46-C4C7-486D-A472-5AADBF3CC6A1}.Release|Any CPU.ActiveCfg = Release|Any CPU
		{F03A8A46-C4C7-486D-A472-5AADBF3CC6A1}.Release|Any CPU.Build.0 = Release|Any CPU
	EndGlobalSection
	GlobalSection(SolutionProperties) = preSolution
		HideSolutionNode = FALSE
	EndGlobalSection
	GlobalSection(ExtensibilityGlobals) = postSolution
		SolutionGuid = {3DABDB7B-7A05-4687-8219-28C7359541DD}
	EndGlobalSection
EndGlobal
